
Microsoft Visual Studio Solution File, Format Version 12.00
# Visual Studio Version 16
VisualStudioVersion = 16.0.30711.63
MinimumVisualStudioVersion = 10.0.40219.1
Project("{FAE04EC0-301F-11D3-BF4B-00C04F79EFBC}") = "ChainOfCommandPattern", "ChainOfCommandPattern\ChainOfCommandPattern.csproj", "{E087A994-68EE-4829-A36F-C07271A86E3E}"
EndProject
Global
	GlobalSection(SolutionConfigurationPlatforms) = preSolution
		Debug|Any CPU = Debug|Any CPU
		Release|Any CPU = Release|Any CPU
	EndGlobalSection
	GlobalSection(ProjectConfigurationPlatforms) = postSolution
		{E087A994-68EE-4829-A36F-C07271A86E3E}.Debug|Any CPU.ActiveCfg = Debug|Any CPU
		{E087A994-68EE-4829-A36F-C07271A86E3E}.Debug|Any CPU.Build.0 = Debug|Any CPU
		{E087A994-68EE-4829-A36F-C07271A86E3E}.Release|Any CPU.ActiveCfg = Release|Any CPU
		{E087A994-68EE-4829-A36F-C07271A86E3E}.Release|Any CPU.Build.0 = Release|Any CPU
	EndGlobalSection
	GlobalSection(SolutionProperties) = preSolution
		HideSolutionNode = FALSE
	EndGlobalSection
	GlobalSection(ExtensibilityGlobals) = postSolution
		SolutionGuid = {62415B02-EE29-4A27-919C-27FEC267918C}
	EndGlobalSection
EndGlobal
